
Microsoft Visual Studio Solution File, Format Version 12.00
# Visual Studio Version 17
VisualStudioVersion = 17.7.34202.233
MinimumVisualStudioVersion = 10.0.40219.1
Project("{9A19103F-16F7-4668-BE54-9A1E7A4F7556}") = "Kozossegi_oldal", "Kozossegi_oldal.csproj", "{3E778F80-D202-460C-9927-835F568B9E69}"
EndProject
Project("{2150E333-8FDC-42A3-9474-1A3956D46DE8}") = "Solution Items", "Solution Items", "{D1DF7E60-2913-4D65-85C0-64ECF125E68D}"
	ProjectSection(SolutionItems) = preProject
		.editorconfig = .editorconfig
	EndProjectSection
EndProject
Global
	GlobalSection(SolutionConfigurationPlatforms) = preSolution
		Debug|Any CPU = Debug|Any CPU
		Release|Any CPU = Release|Any CPU
	EndGlobalSection
	GlobalSection(ProjectConfigurationPlatforms) = postSolution
		{3E778F80-D202-460C-9927-835F568B9E69}.Debug|Any CPU.ActiveCfg = Debug|Any CPU
		{3E778F80-D202-460C-9927-835F568B9E69}.Debug|Any CPU.Build.0 = Debug|Any CPU
		{3E778F80-D202-460C-9927-835F568B9E69}.Release|Any CPU.ActiveCfg = Release|Any CPU
		{3E778F80-D202-460C-9927-835F568B9E69}.Release|Any CPU.Build.0 = Release|Any CPU
	EndGlobalSection
	GlobalSection(SolutionProperties) = preSolution
		HideSolutionNode = FALSE
	EndGlobalSection
	GlobalSection(ExtensibilityGlobals) = postSolution
		SolutionGuid = {A254B3D6-B7B6-42DD-802D-5000A48DEC85}
	EndGlobalSection
EndGlobal
